
Microsoft Visual Studio Solution File, Format Version 12.00
# Visual Studio Version 17
VisualStudioVersion = 17.6.33723.286
MinimumVisualStudioVersion = 10.0.40219.1
Project("{9A19103F-16F7-4668-BE54-9A1E7A4F7556}") = "MedicineProject.Api", "MedicineProject\MedicineProject.Api.csproj", "{70F94FCC-04BE-42B3-A45B-DC6E9D5C5B38}"
EndProject
Project("{E53339B2-1760-4266-BCC7-CA923CBCF16C}") = "docker-compose", "docker-compose.dcproj", "{2283F87D-71FF-43FB-A6C3-DB6D0884ECEF}"
EndProject
Project("{9A19103F-16F7-4668-BE54-9A1E7A4F7556}") = "MedicineProject.Domain", "MedicineProject.Domain\MedicineProject.Domain.csproj", "{22044B19-0E7F-46FA-AB04-C3A064231792}"
EndProject
Global
	GlobalSection(SolutionConfigurationPlatforms) = preSolution
		Debug|Any CPU = Debug|Any CPU
		Release|Any CPU = Release|Any CPU
	EndGlobalSection
	GlobalSection(ProjectConfigurationPlatforms) = postSolution
		{70F94FCC-04BE-42B3-A45B-DC6E9D5C5B38}.Debug|Any CPU.ActiveCfg = Debug|Any CPU
		{70F94FCC-04BE-42B3-A45B-DC6E9D5C5B38}.Debug|Any CPU.Build.0 = Debug|Any CPU
		{70F94FCC-04BE-42B3-A45B-DC6E9D5C5B38}.Release|Any CPU.ActiveCfg = Release|Any CPU
		{70F94FCC-04BE-42B3-A45B-DC6E9D5C5B38}.Release|Any CPU.Build.0 = Release|Any CPU
		{2283F87D-71FF-43FB-A6C3-DB6D0884ECEF}.Debug|Any CPU.ActiveCfg = Debug|Any CPU
		{2283F87D-71FF-43FB-A6C3-DB6D0884ECEF}.Debug|Any CPU.Build.0 = Debug|Any CPU
		{2283F87D-71FF-43FB-A6C3-DB6D0884ECEF}.Release|Any CPU.ActiveCfg = Release|Any CPU
		{2283F87D-71FF-43FB-A6C3-DB6D0884ECEF}.Release|Any CPU.Build.0 = Release|Any CPU
		{22044B19-0E7F-46FA-AB04-C3A064231792}.Debug|Any CPU.ActiveCfg = Debug|Any CPU
		{22044B19-0E7F-46FA-AB04-C3A064231792}.Debug|Any CPU.Build.0 = Debug|Any CPU
		{22044B19-0E7F-46FA-AB04-C3A064231792}.Release|Any CPU.ActiveCfg = Release|Any CPU
		{22044B19-0E7F-46FA-AB04-C3A064231792}.Release|Any CPU.Build.0 = Release|Any CPU
	EndGlobalSection
	GlobalSection(SolutionProperties) = preSolution
		HideSolutionNode = FALSE
	EndGlobalSection
	GlobalSection(ExtensibilityGlobals) = postSolution
		SolutionGuid = {3F955CDC-84BB-4963-9045-C1D0C8886DB6}
	EndGlobalSection
EndGlobal
